
Microsoft Visual Studio Solution File, Format Version 12.00
# Visual Studio Version 16
VisualStudioVersion = 16.0.31205.134
MinimumVisualStudioVersion = 10.0.40219.1
Project("{9A19103F-16F7-4668-BE54-9A1E7A4F7556}") = "CRUDPOC.Server", "CRUDPOC\Server\CRUDPOC.Server.csproj", "{43C37BAF-1B39-4363-851A-23863D3EE266}"
EndProject
Project("{9A19103F-16F7-4668-BE54-9A1E7A4F7556}") = "CRUDPOC.Client", "CRUDPOC\Client\CRUDPOC.Client.csproj", "{35B49E47-B6F6-49A7-98A3-11A72434BD03}"
EndProject
Project("{9A19103F-16F7-4668-BE54-9A1E7A4F7556}") = "CRUDPOC.Data.EfCore", "CRUDPOC.Data.EfCore\CRUDPOC.Data.EfCore.csproj", "{0FEF91B1-387D-4574-ADF0-1F1344189B8E}"
EndProject
Project("{9A19103F-16F7-4668-BE54-9A1E7A4F7556}") = "CRUDPOC.Data.Mongo", "CRUDPOC.Data.Mongo\CRUDPOC.Data.Mongo.csproj", "{B5C21CA2-2279-4485-9877-4A5C068B6223}"
EndProject
Project("{9A19103F-16F7-4668-BE54-9A1E7A4F7556}") = "CRUDPOC.Domain", "CRUDPOC.Domain\CRUDPOC.Domain.csproj", "{DB77D310-7FBE-46F7-BB8F-14BDF8CCF996}"
EndProject
Project("{9A19103F-16F7-4668-BE54-9A1E7A4F7556}") = "CRUDPOC.Infraestructure", "CRUDPOC.Infraestructure\CRUDPOC.Infraestructure.csproj", "{B14AD514-1E83-4B10-8AC0-2E4157D2C9C9}"
EndProject
Project("{2150E333-8FDC-42A3-9474-1A3956D46DE8}") = "src", "src", "{DB5D92B8-7DD8-4A84-A93D-289936A8B477}"
EndProject
Project("{2150E333-8FDC-42A3-9474-1A3956D46DE8}") = "2 - Server", "2 - Server", "{77FAF51E-67BD-4ABA-AF6C-DE93C8009049}"
EndProject
Project("{2150E333-8FDC-42A3-9474-1A3956D46DE8}") = "1 - Client", "1 - Client", "{0FA949C1-11EF-4564-B549-EF97980C5746}"
EndProject
Project("{2150E333-8FDC-42A3-9474-1A3956D46DE8}") = "3 - Domain", "3 - Domain", "{A1227EDA-B303-4D19-9F46-AEF6AC06D3C5}"
EndProject
Project("{2150E333-8FDC-42A3-9474-1A3956D46DE8}") = "5 - Infrastructure", "5 - Infrastructure", "{90EB3F43-880F-4495-A59A-7E6F261D310A}"
EndProject
Project("{2150E333-8FDC-42A3-9474-1A3956D46DE8}") = "5.1 - Data", "5.1 - Data", "{16949DD3-0191-437B-9AFE-711C5AC0B345}"
EndProject
Project("{2150E333-8FDC-42A3-9474-1A3956D46DE8}") = "5.2 - Infra", "5.2 - Infra", "{40C777A8-95FC-4F01-9F03-F6FC6A83BDE4}"
EndProject
Project("{2150E333-8FDC-42A3-9474-1A3956D46DE8}") = "4 - Application", "4 - Application", "{8008B427-4C19-41E4-A14E-914C59A29372}"
EndProject
Project("{9A19103F-16F7-4668-BE54-9A1E7A4F7556}") = "CRUDPOC.Application", "CRUDPOC.Application\CRUDPOC.Application.csproj", "{C7972761-BEEC-46DE-AE58-81417244D5D2}"
EndProject
Project("{9A19103F-16F7-4668-BE54-9A1E7A4F7556}") = "CRUDPOC.Shared", "CRUDPOC.Shared\CRUDPOC.Shared.csproj", "{B2D0A7B0-C8A6-4A03-AA91-E15D8C0CA0A9}"
EndProject
Project("{2150E333-8FDC-42A3-9474-1A3956D46DE8}") = "6 - Tests", "6 - Tests", "{E0BD7620-C72C-462F-8D57-9E72EA025BE5}"
EndProject
Project("{FAE04EC0-301F-11D3-BF4B-00C04F79EFBC}") = "CRUDPOC.Test.API", "CRUDPOC.Tests\CRUDPOC.Test.API\CRUDPOC.Test.API.csproj", "{ADFE7E9F-9383-4C70-81FF-2A4C02765E15}"
EndProject
Project("{FAE04EC0-301F-11D3-BF4B-00C04F79EFBC}") = "CRUDPOC.Test.Application", "CRUDPOC.Tests\CRUDPOC.Test.Application\CRUDPOC.Test.Application.csproj", "{26A6EAE3-E53D-45AB-83C5-1D81D1ED0618}"
EndProject
Project("{FAE04EC0-301F-11D3-BF4B-00C04F79EFBC}") = "CRUDPOC.Test.Infrastructure.Infra", "CRUDPOC.Test.Infrastructure.Infra\CRUDPOC.Test.Infrastructure.Infra.csproj", "{80B3F6A3-425F-46B1-94A9-DCA630FC267F}"
EndProject
Global
	GlobalSection(SolutionConfigurationPlatforms) = preSolution
		Debug|Any CPU = Debug|Any CPU
		Release|Any CPU = Release|Any CPU
	EndGlobalSection
	GlobalSection(ProjectConfigurationPlatforms) = postSolution
		{43C37BAF-1B39-4363-851A-23863D3EE266}.Debug|Any CPU.ActiveCfg = Debug|Any CPU
		{43C37BAF-1B39-4363-851A-23863D3EE266}.Debug|Any CPU.Build.0 = Debug|Any CPU
		{43C37BAF-1B39-4363-851A-23863D3EE266}.Release|Any CPU.ActiveCfg = Release|Any CPU
		{43C37BAF-1B39-4363-851A-23863D3EE266}.Release|Any CPU.Build.0 = Release|Any CPU
		{35B49E47-B6F6-49A7-98A3-11A72434BD03}.Debug|Any CPU.ActiveCfg = Debug|Any CPU
		{35B49E47-B6F6-49A7-98A3-11A72434BD03}.Debug|Any CPU.Build.0 = Debug|Any CPU
		{35B49E47-B6F6-49A7-98A3-11A72434BD03}.Release|Any CPU.ActiveCfg = Release|Any CPU
		{35B49E47-B6F6-49A7-98A3-11A72434BD03}.Release|Any CPU.Build.0 = Release|Any CPU
		{0FEF91B1-387D-4574-ADF0-1F1344189B8E}.Debug|Any CPU.ActiveCfg = Debug|Any CPU
		{0FEF91B1-387D-4574-ADF0-1F1344189B8E}.Debug|Any CPU.Build.0 = Debug|Any CPU
		{0FEF91B1-387D-4574-ADF0-1F1344189B8E}.Release|Any CPU.ActiveCfg = Release|Any CPU
		{0FEF91B1-387D-4574-ADF0-1F1344189B8E}.Release|Any CPU.Build.0 = Release|Any CPU
		{B5C21CA2-2279-4485-9877-4A5C068B6223}.Debug|Any CPU.ActiveCfg = Debug|Any CPU
		{B5C21CA2-2279-4485-9877-4A5C068B6223}.Debug|Any CPU.Build.0 = Debug|Any CPU
		{B5C21CA2-2279-4485-9877-4A5C068B6223}.Release|Any CPU.ActiveCfg = Release|Any CPU
		{B5C21CA2-2279-4485-9877-4A5C068B6223}.Release|Any CPU.Build.0 = Release|Any CPU
		{DB77D310-7FBE-46F7-BB8F-14BDF8CCF996}.Debug|Any CPU.ActiveCfg = Debug|Any CPU
		{DB77D310-7FBE-46F7-BB8F-14BDF8CCF996}.Debug|Any CPU.Build.0 = Debug|Any CPU
		{DB77D310-7FBE-46F7-BB8F-14BDF8CCF996}.Release|Any CPU.ActiveCfg = Release|Any CPU
		{DB77D310-7FBE-46F7-BB8F-14BDF8CCF996}.Release|Any CPU.Build.0 = Release|Any CPU
		{B14AD514-1E83-4B10-8AC0-2E4157D2C9C9}.Debug|Any CPU.ActiveCfg = Debug|Any CPU
		{B14AD514-1E83-4B10-8AC0-2E4157D2C9C9}.Debug|Any CPU.Build.0 = Debug|Any CPU
		{B14AD514-1E83-4B10-8AC0-2E4157D2C9C9}.Release|Any CPU.ActiveCfg = Release|Any CPU
		{B14AD514-1E83-4B10-8AC0-2E4157D2C9C9}.Release|Any CPU.Build.0 = Release|Any CPU
		{C7972761-BEEC-46DE-AE58-81417244D5D2}.Debug|Any CPU.ActiveCfg = Debug|Any CPU
		{C7972761-BEEC-46DE-AE58-81417244D5D2}.Debug|Any CPU.Build.0 = Debug|Any CPU
		{C7972761-BEEC-46DE-AE58-81417244D5D2}.Release|Any CPU.ActiveCfg = Release|Any CPU
		{C7972761-BEEC-46DE-AE58-81417244D5D2}.Release|Any CPU.Build.0 = Release|Any CPU
		{B2D0A7B0-C8A6-4A03-AA91-E15D8C0CA0A9}.Debug|Any CPU.ActiveCfg = Debug|Any CPU
		{B2D0A7B0-C8A6-4A03-AA91-E15D8C0CA0A9}.Debug|Any CPU.Build.0 = Debug|Any CPU
		{B2D0A7B0-C8A6-4A03-AA91-E15D8C0CA0A9}.Release|Any CPU.ActiveCfg = Release|Any CPU
		{B2D0A7B0-C8A6-4A03-AA91-E15D8C0CA0A9}.Release|Any CPU.Build.0 = Release|Any CPU
		{ADFE7E9F-9383-4C70-81FF-2A4C02765E15}.Debug|Any CPU.ActiveCfg = Debug|Any CPU
		{ADFE7E9F-9383-4C70-81FF-2A4C02765E15}.Debug|Any CPU.Build.0 = Debug|Any CPU
		{ADFE7E9F-9383-4C70-81FF-2A4C02765E15}.Release|Any CPU.ActiveCfg = Release|Any CPU
		{ADFE7E9F-9383-4C70-81FF-2A4C02765E15}.Release|Any CPU.Build.0 = Release|Any CPU
		{26A6EAE3-E53D-45AB-83C5-1D81D1ED0618}.Debug|Any CPU.ActiveCfg = Debug|Any CPU
		{26A6EAE3-E53D-45AB-83C5-1D81D1ED0618}.Debug|Any CPU.Build.0 = Debug|Any CPU
		{26A6EAE3-E53D-45AB-83C5-1D81D1ED0618}.Release|Any CPU.ActiveCfg = Release|Any CPU
		{26A6EAE3-E53D-45AB-83C5-1D81D1ED0618}.Release|Any CPU.Build.0 = Release|Any CPU
		{80B3F6A3-425F-46B1-94A9-DCA630FC267F}.Debug|Any CPU.ActiveCfg = Debug|Any CPU
		{80B3F6A3-425F-46B1-94A9-DCA630FC267F}.Debug|Any CPU.Build.0 = Debug|Any CPU
		{80B3F6A3-425F-46B1-94A9-DCA630FC267F}.Release|Any CPU.ActiveCfg = Release|Any CPU
		{80B3F6A3-425F-46B1-94A9-DCA630FC267F}.Release|Any CPU.Build.0 = Release|Any CPU
	EndGlobalSection
	GlobalSection(SolutionProperties) = preSolution
		HideSolutionNode = FALSE
	EndGlobalSection
	GlobalSection(NestedProjects) = preSolution
		{43C37BAF-1B39-4363-851A-23863D3EE266} = {77FAF51E-67BD-4ABA-AF6C-DE93C8009049}
		{35B49E47-B6F6-49A7-98A3-11A72434BD03} = {0FA949C1-11EF-4564-B549-EF97980C5746}
		{0FEF91B1-387D-4574-ADF0-1F1344189B8E} = {16949DD3-0191-437B-9AFE-711C5AC0B345}
		{B5C21CA2-2279-4485-9877-4A5C068B6223} = {16949DD3-0191-437B-9AFE-711C5AC0B345}
		{DB77D310-7FBE-46F7-BB8F-14BDF8CCF996} = {A1227EDA-B303-4D19-9F46-AEF6AC06D3C5}
		{B14AD514-1E83-4B10-8AC0-2E4157D2C9C9} = {40C777A8-95FC-4F01-9F03-F6FC6A83BDE4}
		{77FAF51E-67BD-4ABA-AF6C-DE93C8009049} = {DB5D92B8-7DD8-4A84-A93D-289936A8B477}
		{0FA949C1-11EF-4564-B549-EF97980C5746} = {DB5D92B8-7DD8-4A84-A93D-289936A8B477}
		{A1227EDA-B303-4D19-9F46-AEF6AC06D3C5} = {DB5D92B8-7DD8-4A84-A93D-289936A8B477}
		{90EB3F43-880F-4495-A59A-7E6F261D310A} = {DB5D92B8-7DD8-4A84-A93D-289936A8B477}
		{16949DD3-0191-437B-9AFE-711C5AC0B345} = {90EB3F43-880F-4495-A59A-7E6F261D310A}
		{40C777A8-95FC-4F01-9F03-F6FC6A83BDE4} = {90EB3F43-880F-4495-A59A-7E6F261D310A}
		{8008B427-4C19-41E4-A14E-914C59A29372} = {DB5D92B8-7DD8-4A84-A93D-289936A8B477}
		{C7972761-BEEC-46DE-AE58-81417244D5D2} = {8008B427-4C19-41E4-A14E-914C59A29372}
		{B2D0A7B0-C8A6-4A03-AA91-E15D8C0CA0A9} = {A1227EDA-B303-4D19-9F46-AEF6AC06D3C5}
		{E0BD7620-C72C-462F-8D57-9E72EA025BE5} = {DB5D92B8-7DD8-4A84-A93D-289936A8B477}
		{ADFE7E9F-9383-4C70-81FF-2A4C02765E15} = {E0BD7620-C72C-462F-8D57-9E72EA025BE5}
		{26A6EAE3-E53D-45AB-83C5-1D81D1ED0618} = {E0BD7620-C72C-462F-8D57-9E72EA025BE5}
		{80B3F6A3-425F-46B1-94A9-DCA630FC267F} = {E0BD7620-C72C-462F-8D57-9E72EA025BE5}
	EndGlobalSection
	GlobalSection(ExtensibilityGlobals) = postSolution
		SolutionGuid = {B4E5102D-A060-42D0-98A8-B6B98ADD4153}
	EndGlobalSection
EndGlobal
