
Microsoft Visual Studio Solution File, Format Version 12.00
# Visual Studio Version 16
VisualStudioVersion = 16.0.31410.357
MinimumVisualStudioVersion = 10.0.40219.1
Project("{2150E333-8FDC-42A3-9474-1A3956D46DE8}") = "1-Client", "1-Client", "{9BD8E912-D574-4C32-8EE8-AC032CBBA0F1}"
EndProject
Project("{2150E333-8FDC-42A3-9474-1A3956D46DE8}") = "2-Server", "2-Server", "{F92A3BBE-F261-474B-B335-A3296BA48A4C}"
EndProject
Project("{2150E333-8FDC-42A3-9474-1A3956D46DE8}") = "3-Domain", "3-Domain", "{C22CB061-8863-4C00-9DB4-0EDA12B295D5}"
EndProject
Project("{2150E333-8FDC-42A3-9474-1A3956D46DE8}") = "4-Application", "4-Application", "{A8235E20-80CE-4B85-A09C-50F1AC6A021B}"
EndProject
Project("{2150E333-8FDC-42A3-9474-1A3956D46DE8}") = "5-Infrastructure", "5-Infrastructure", "{18E9275E-2476-4B24-A68A-B2C024EDFFB5}"
EndProject
Project("{2150E333-8FDC-42A3-9474-1A3956D46DE8}") = "6-Tests", "6-Tests", "{97E33105-E324-4238-A430-19FA86E22981}"
EndProject
Project("{9A19103F-16F7-4668-BE54-9A1E7A4F7556}") = "CRUDPOC.Server", "2-Server\Server\CRUDPOC.Server.csproj", "{87EA8539-A051-4F86-9AC0-81D72D2BEA6A}"
EndProject
Project("{9A19103F-16F7-4668-BE54-9A1E7A4F7556}") = "CRUDPOC.Shared", "3-Domain\CRUDPOC.Shared\CRUDPOC.Shared.csproj", "{75244316-0EE3-48FA-B9F5-D6516A14BDCF}"
EndProject
Project("{9A19103F-16F7-4668-BE54-9A1E7A4F7556}") = "CRUDPOC.Domain", "3-Domain\CRUDPOC.Domain\CRUDPOC.Domain.csproj", "{65E009CC-5F59-407C-95CB-CE17555F6C3A}"
EndProject
Project("{9A19103F-16F7-4668-BE54-9A1E7A4F7556}") = "CRUDPOC.Application", "4-Application\CRUDPOC.Application.csproj", "{A5FEDECD-26CD-48AB-B1A4-9D03016A4411}"
EndProject
Project("{2150E333-8FDC-42A3-9474-1A3956D46DE8}") = "5.1-Data", "5.1-Data", "{ADB7728E-FAA6-40F2-A62C-3F0535BEAB8C}"
EndProject
Project("{2150E333-8FDC-42A3-9474-1A3956D46DE8}") = "5.2-Infra", "5.2-Infra", "{50C330E6-96B1-4402-BF91-F40394BB57A4}"
EndProject
Project("{9A19103F-16F7-4668-BE54-9A1E7A4F7556}") = "CRUDPOC.Infraestructure", "5-Infrastructure\5.2-Infra\Infraestructure\CRUDPOC.Infraestructure.csproj", "{D7617E85-3EB6-4A01-B4C0-11668A1611A1}"
EndProject
Project("{9A19103F-16F7-4668-BE54-9A1E7A4F7556}") = "CRUDPOC.Data.EfCore", "5-Infrastructure\5.1-Data\EfCore\CRUDPOC.Data.EfCore.csproj", "{B508B249-F298-46A2-A393-7A09C4877C1F}"
EndProject
Project("{9A19103F-16F7-4668-BE54-9A1E7A4F7556}") = "CRUDPOC.Client", "1-Client\Client\CRUDPOC.Client.csproj", "{ECA1FA5F-A522-489C-A33A-89116CC31C27}"
EndProject
Project("{9A19103F-16F7-4668-BE54-9A1E7A4F7556}") = "CRUDPOC.Test.API", "6-Tests\Test.API\CRUDPOC.Test.API.csproj", "{711F8FEB-AD1C-4F8E-992C-7509CDF16A96}"
EndProject
Project("{9A19103F-16F7-4668-BE54-9A1E7A4F7556}") = "CRUDPOC.Test.Application", "6-Tests\Test.Application\CRUDPOC.Test.Application.csproj", "{27972823-8271-4610-8847-AEDE6275641A}"
EndProject
Project("{9A19103F-16F7-4668-BE54-9A1E7A4F7556}") = "CRUDPOC.Test.Infrastructure.Infra", "6-Tests\Test.Infrastructure.Infra\CRUDPOC.Test.Infrastructure.Infra.csproj", "{3625624D-6568-436A-AB7D-4A30F1A3440F}"
EndProject
Project("{9A19103F-16F7-4668-BE54-9A1E7A4F7556}") = "CRUDPOC.Data.Mongo", "5-Infrastructure\5.1-Data\Mongo\CRUDPOC.Data.Mongo.csproj", "{A5EE3143-A1B0-4F59-8DA6-024F790AA9DC}"
EndProject
Global
	GlobalSection(SolutionConfigurationPlatforms) = preSolution
		Debug|Any CPU = Debug|Any CPU
		Release|Any CPU = Release|Any CPU
	EndGlobalSection
	GlobalSection(ProjectConfigurationPlatforms) = postSolution
		{87EA8539-A051-4F86-9AC0-81D72D2BEA6A}.Debug|Any CPU.ActiveCfg = Debug|Any CPU
		{87EA8539-A051-4F86-9AC0-81D72D2BEA6A}.Debug|Any CPU.Build.0 = Debug|Any CPU
		{87EA8539-A051-4F86-9AC0-81D72D2BEA6A}.Release|Any CPU.ActiveCfg = Release|Any CPU
		{87EA8539-A051-4F86-9AC0-81D72D2BEA6A}.Release|Any CPU.Build.0 = Release|Any CPU
		{75244316-0EE3-48FA-B9F5-D6516A14BDCF}.Debug|Any CPU.ActiveCfg = Debug|Any CPU
		{75244316-0EE3-48FA-B9F5-D6516A14BDCF}.Debug|Any CPU.Build.0 = Debug|Any CPU
		{75244316-0EE3-48FA-B9F5-D6516A14BDCF}.Release|Any CPU.ActiveCfg = Release|Any CPU
		{75244316-0EE3-48FA-B9F5-D6516A14BDCF}.Release|Any CPU.Build.0 = Release|Any CPU
		{65E009CC-5F59-407C-95CB-CE17555F6C3A}.Debug|Any CPU.ActiveCfg = Debug|Any CPU
		{65E009CC-5F59-407C-95CB-CE17555F6C3A}.Debug|Any CPU.Build.0 = Debug|Any CPU
		{65E009CC-5F59-407C-95CB-CE17555F6C3A}.Release|Any CPU.ActiveCfg = Release|Any CPU
		{65E009CC-5F59-407C-95CB-CE17555F6C3A}.Release|Any CPU.Build.0 = Release|Any CPU
		{A5FEDECD-26CD-48AB-B1A4-9D03016A4411}.Debug|Any CPU.ActiveCfg = Debug|Any CPU
		{A5FEDECD-26CD-48AB-B1A4-9D03016A4411}.Debug|Any CPU.Build.0 = Debug|Any CPU
		{A5FEDECD-26CD-48AB-B1A4-9D03016A4411}.Release|Any CPU.ActiveCfg = Release|Any CPU
		{A5FEDECD-26CD-48AB-B1A4-9D03016A4411}.Release|Any CPU.Build.0 = Release|Any CPU
		{D7617E85-3EB6-4A01-B4C0-11668A1611A1}.Debug|Any CPU.ActiveCfg = Debug|Any CPU
		{D7617E85-3EB6-4A01-B4C0-11668A1611A1}.Debug|Any CPU.Build.0 = Debug|Any CPU
		{D7617E85-3EB6-4A01-B4C0-11668A1611A1}.Release|Any CPU.ActiveCfg = Release|Any CPU
		{D7617E85-3EB6-4A01-B4C0-11668A1611A1}.Release|Any CPU.Build.0 = Release|Any CPU
		{B508B249-F298-46A2-A393-7A09C4877C1F}.Debug|Any CPU.ActiveCfg = Debug|Any CPU
		{B508B249-F298-46A2-A393-7A09C4877C1F}.Debug|Any CPU.Build.0 = Debug|Any CPU
		{B508B249-F298-46A2-A393-7A09C4877C1F}.Release|Any CPU.ActiveCfg = Release|Any CPU
		{B508B249-F298-46A2-A393-7A09C4877C1F}.Release|Any CPU.Build.0 = Release|Any CPU
		{ECA1FA5F-A522-489C-A33A-89116CC31C27}.Debug|Any CPU.ActiveCfg = Debug|Any CPU
		{ECA1FA5F-A522-489C-A33A-89116CC31C27}.Debug|Any CPU.Build.0 = Debug|Any CPU
		{ECA1FA5F-A522-489C-A33A-89116CC31C27}.Release|Any CPU.ActiveCfg = Release|Any CPU
		{ECA1FA5F-A522-489C-A33A-89116CC31C27}.Release|Any CPU.Build.0 = Release|Any CPU
		{711F8FEB-AD1C-4F8E-992C-7509CDF16A96}.Debug|Any CPU.ActiveCfg = Debug|Any CPU
		{711F8FEB-AD1C-4F8E-992C-7509CDF16A96}.Debug|Any CPU.Build.0 = Debug|Any CPU
		{711F8FEB-AD1C-4F8E-992C-7509CDF16A96}.Release|Any CPU.ActiveCfg = Release|Any CPU
		{711F8FEB-AD1C-4F8E-992C-7509CDF16A96}.Release|Any CPU.Build.0 = Release|Any CPU
		{27972823-8271-4610-8847-AEDE6275641A}.Debug|Any CPU.ActiveCfg = Debug|Any CPU
		{27972823-8271-4610-8847-AEDE6275641A}.Debug|Any CPU.Build.0 = Debug|Any CPU
		{27972823-8271-4610-8847-AEDE6275641A}.Release|Any CPU.ActiveCfg = Release|Any CPU
		{27972823-8271-4610-8847-AEDE6275641A}.Release|Any CPU.Build.0 = Release|Any CPU
		{3625624D-6568-436A-AB7D-4A30F1A3440F}.Debug|Any CPU.ActiveCfg = Debug|Any CPU
		{3625624D-6568-436A-AB7D-4A30F1A3440F}.Debug|Any CPU.Build.0 = Debug|Any CPU
		{3625624D-6568-436A-AB7D-4A30F1A3440F}.Release|Any CPU.ActiveCfg = Release|Any CPU
		{3625624D-6568-436A-AB7D-4A30F1A3440F}.Release|Any CPU.Build.0 = Release|Any CPU
		{A5EE3143-A1B0-4F59-8DA6-024F790AA9DC}.Debug|Any CPU.ActiveCfg = Debug|Any CPU
		{A5EE3143-A1B0-4F59-8DA6-024F790AA9DC}.Debug|Any CPU.Build.0 = Debug|Any CPU
		{A5EE3143-A1B0-4F59-8DA6-024F790AA9DC}.Release|Any CPU.ActiveCfg = Release|Any CPU
		{A5EE3143-A1B0-4F59-8DA6-024F790AA9DC}.Release|Any CPU.Build.0 = Release|Any CPU
	EndGlobalSection
	GlobalSection(SolutionProperties) = preSolution
		HideSolutionNode = FALSE
	EndGlobalSection
	GlobalSection(NestedProjects) = preSolution
		{87EA8539-A051-4F86-9AC0-81D72D2BEA6A} = {F92A3BBE-F261-474B-B335-A3296BA48A4C}
		{75244316-0EE3-48FA-B9F5-D6516A14BDCF} = {C22CB061-8863-4C00-9DB4-0EDA12B295D5}
		{65E009CC-5F59-407C-95CB-CE17555F6C3A} = {C22CB061-8863-4C00-9DB4-0EDA12B295D5}
		{A5FEDECD-26CD-48AB-B1A4-9D03016A4411} = {A8235E20-80CE-4B85-A09C-50F1AC6A021B}
		{ADB7728E-FAA6-40F2-A62C-3F0535BEAB8C} = {18E9275E-2476-4B24-A68A-B2C024EDFFB5}
		{50C330E6-96B1-4402-BF91-F40394BB57A4} = {18E9275E-2476-4B24-A68A-B2C024EDFFB5}
		{D7617E85-3EB6-4A01-B4C0-11668A1611A1} = {50C330E6-96B1-4402-BF91-F40394BB57A4}
		{B508B249-F298-46A2-A393-7A09C4877C1F} = {ADB7728E-FAA6-40F2-A62C-3F0535BEAB8C}
		{ECA1FA5F-A522-489C-A33A-89116CC31C27} = {9BD8E912-D574-4C32-8EE8-AC032CBBA0F1}
		{711F8FEB-AD1C-4F8E-992C-7509CDF16A96} = {97E33105-E324-4238-A430-19FA86E22981}
		{27972823-8271-4610-8847-AEDE6275641A} = {97E33105-E324-4238-A430-19FA86E22981}
		{3625624D-6568-436A-AB7D-4A30F1A3440F} = {97E33105-E324-4238-A430-19FA86E22981}
		{A5EE3143-A1B0-4F59-8DA6-024F790AA9DC} = {ADB7728E-FAA6-40F2-A62C-3F0535BEAB8C}
	EndGlobalSection
	GlobalSection(ExtensibilityGlobals) = postSolution
		SolutionGuid = {33A9A178-82FA-419D-8368-6E66D22B05AC}
	EndGlobalSection
EndGlobal
